
Microsoft Visual Studio Solution File, Format Version 12.00
# Visual Studio Version 16
VisualStudioVersion = 16.0.29326.143
MinimumVisualStudioVersion = 10.0.40219.1
Project("{2150E333-8FDC-42A3-9474-1A3956D46DE8}") = "projects", "projects", "{33047F77-2A3F-443B-8A77-068B8FE8C603}"
EndProject
Project("{2150E333-8FDC-42A3-9474-1A3956D46DE8}") = "tests", "tests", "{872DB036-38FF-44F3-8D1D-C86A748EF8B0}"
EndProject
Project("{8BC9CEB8-8B4A-11D0-8D11-00A0C91BC942}") = "MessageBus", "projects\MessageBus\MessageBus.vcxproj", "{071AEC3C-8CD3-458E-B615-D6591EF69B3B}"
EndProject
Project("{8BC9CEB8-8B4A-11D0-8D11-00A0C91BC942}") = "Input", "projects\Input\Input.vcxproj", "{27CA9F70-63B3-4681-80F2-CA8D5421197E}"
EndProject
Project("{8BC9CEB8-8B4A-11D0-8D11-00A0C91BC942}") = "Debugger", "projects\Debugger\Debugger.vcxproj", "{50EB00F0-BDBB-4BE5-9C03-5AB2BF49BEDE}"
EndProject
Project("{8BC9CEB8-8B4A-11D0-8D11-00A0C91BC942}") = "Threading", "projects\Threading\Threading.vcxproj", "{70A4BF8B-EDF1-49D5-8710-865FC6444BE2}"
EndProject
Project("{2150E333-8FDC-42A3-9474-1A3956D46DE8}") = "mocks", "mocks", "{020EB576-71A0-4546-B9F4-87CAEA5E2F4B}"
EndProject
Project("{8BC9CEB8-8B4A-11D0-8D11-00A0C91BC942}") = "ThreadingTests", "tests\ThreadingTests\ThreadingTests.vcxproj", "{5630B2F1-E1E1-4E94-9458-0BD7715D582A}"
EndProject
Project("{8BC9CEB8-8B4A-11D0-8D11-00A0C91BC942}") = "MessageBusMocks", "tests\mocks\MessageBusMocks\MessageBusMocks.vcxproj.vcxproj", "{DE783E05-6DE5-4A92-A519-D8150C0B9BAE}"
EndProject
Project("{8BC9CEB8-8B4A-11D0-8D11-00A0C91BC942}") = "MessageBusTests", "tests\MessageBusTests\MessageBusTests.vcxproj", "{C8B2F4CD-D9D9-48EC-BA31-6088314F4EA8}"
EndProject
Project("{2150E333-8FDC-42A3-9474-1A3956D46DE8}") = "third-party", "third-party", "{46AEDE47-1A87-49C4-BD7D-C562DFE2E5D1}"
EndProject
Project("{8BC9CEB8-8B4A-11D0-8D11-00A0C91BC942}") = "glfw", "third-party\glfw-3.3.2\build\src\glfw.vcxproj", "{1340CAE3-7EF8-35ED-A85E-EE3E18FA2BF4}"
EndProject
Global
	GlobalSection(SolutionConfigurationPlatforms) = preSolution
		Debug|x64 = Debug|x64
		Debug|x86 = Debug|x86
		MinSizeRel|x64 = MinSizeRel|x64
		MinSizeRel|x86 = MinSizeRel|x86
		Release|x64 = Release|x64
		Release|x86 = Release|x86
		RelWithDebInfo|x64 = RelWithDebInfo|x64
		RelWithDebInfo|x86 = RelWithDebInfo|x86
	EndGlobalSection
	GlobalSection(ProjectConfigurationPlatforms) = postSolution
		{071AEC3C-8CD3-458E-B615-D6591EF69B3B}.Debug|x64.ActiveCfg = Debug|x64
		{071AEC3C-8CD3-458E-B615-D6591EF69B3B}.Debug|x64.Build.0 = Debug|x64
		{071AEC3C-8CD3-458E-B615-D6591EF69B3B}.Debug|x86.ActiveCfg = Debug|Win32
		{071AEC3C-8CD3-458E-B615-D6591EF69B3B}.Debug|x86.Build.0 = Debug|Win32
		{071AEC3C-8CD3-458E-B615-D6591EF69B3B}.MinSizeRel|x64.ActiveCfg = Release|x64
		{071AEC3C-8CD3-458E-B615-D6591EF69B3B}.MinSizeRel|x64.Build.0 = Release|x64
		{071AEC3C-8CD3-458E-B615-D6591EF69B3B}.MinSizeRel|x86.ActiveCfg = Release|Win32
		{071AEC3C-8CD3-458E-B615-D6591EF69B3B}.MinSizeRel|x86.Build.0 = Release|Win32
		{071AEC3C-8CD3-458E-B615-D6591EF69B3B}.Release|x64.ActiveCfg = Release|x64
		{071AEC3C-8CD3-458E-B615-D6591EF69B3B}.Release|x64.Build.0 = Release|x64
		{071AEC3C-8CD3-458E-B615-D6591EF69B3B}.Release|x86.ActiveCfg = Release|Win32
		{071AEC3C-8CD3-458E-B615-D6591EF69B3B}.Release|x86.Build.0 = Release|Win32
		{071AEC3C-8CD3-458E-B615-D6591EF69B3B}.RelWithDebInfo|x64.ActiveCfg = Release|x64
		{071AEC3C-8CD3-458E-B615-D6591EF69B3B}.RelWithDebInfo|x64.Build.0 = Release|x64
		{071AEC3C-8CD3-458E-B615-D6591EF69B3B}.RelWithDebInfo|x86.ActiveCfg = Release|Win32
		{071AEC3C-8CD3-458E-B615-D6591EF69B3B}.RelWithDebInfo|x86.Build.0 = Release|Win32
		{27CA9F70-63B3-4681-80F2-CA8D5421197E}.Debug|x64.ActiveCfg = Debug|x64
		{27CA9F70-63B3-4681-80F2-CA8D5421197E}.Debug|x64.Build.0 = Debug|x64
		{27CA9F70-63B3-4681-80F2-CA8D5421197E}.Debug|x86.ActiveCfg = Debug|Win32
		{27CA9F70-63B3-4681-80F2-CA8D5421197E}.Debug|x86.Build.0 = Debug|Win32
		{27CA9F70-63B3-4681-80F2-CA8D5421197E}.MinSizeRel|x64.ActiveCfg = Release|x64
		{27CA9F70-63B3-4681-80F2-CA8D5421197E}.MinSizeRel|x64.Build.0 = Release|x64
		{27CA9F70-63B3-4681-80F2-CA8D5421197E}.MinSizeRel|x86.ActiveCfg = Release|Win32
		{27CA9F70-63B3-4681-80F2-CA8D5421197E}.MinSizeRel|x86.Build.0 = Release|Win32
		{27CA9F70-63B3-4681-80F2-CA8D5421197E}.Release|x64.ActiveCfg = Release|x64
		{27CA9F70-63B3-4681-80F2-CA8D5421197E}.Release|x64.Build.0 = Release|x64
		{27CA9F70-63B3-4681-80F2-CA8D5421197E}.Release|x86.ActiveCfg = Release|Win32
		{27CA9F70-63B3-4681-80F2-CA8D5421197E}.Release|x86.Build.0 = Release|Win32
		{27CA9F70-63B3-4681-80F2-CA8D5421197E}.RelWithDebInfo|x64.ActiveCfg = Release|x64
		{27CA9F70-63B3-4681-80F2-CA8D5421197E}.RelWithDebInfo|x64.Build.0 = Release|x64
		{27CA9F70-63B3-4681-80F2-CA8D5421197E}.RelWithDebInfo|x86.ActiveCfg = Release|Win32
		{27CA9F70-63B3-4681-80F2-CA8D5421197E}.RelWithDebInfo|x86.Build.0 = Release|Win32
		{50EB00F0-BDBB-4BE5-9C03-5AB2BF49BEDE}.Debug|x64.ActiveCfg = Debug|x64
		{50EB00F0-BDBB-4BE5-9C03-5AB2BF49BEDE}.Debug|x64.Build.0 = Debug|x64
		{50EB00F0-BDBB-4BE5-9C03-5AB2BF49BEDE}.Debug|x86.ActiveCfg = Debug|Win32
		{50EB00F0-BDBB-4BE5-9C03-5AB2BF49BEDE}.Debug|x86.Build.0 = Debug|Win32
		{50EB00F0-BDBB-4BE5-9C03-5AB2BF49BEDE}.MinSizeRel|x64.ActiveCfg = Release|x64
		{50EB00F0-BDBB-4BE5-9C03-5AB2BF49BEDE}.MinSizeRel|x64.Build.0 = Release|x64
		{50EB00F0-BDBB-4BE5-9C03-5AB2BF49BEDE}.MinSizeRel|x86.ActiveCfg = Release|Win32
		{50EB00F0-BDBB-4BE5-9C03-5AB2BF49BEDE}.MinSizeRel|x86.Build.0 = Release|Win32
		{50EB00F0-BDBB-4BE5-9C03-5AB2BF49BEDE}.Release|x64.ActiveCfg = Release|x64
		{50EB00F0-BDBB-4BE5-9C03-5AB2BF49BEDE}.Release|x64.Build.0 = Release|x64
		{50EB00F0-BDBB-4BE5-9C03-5AB2BF49BEDE}.Release|x86.ActiveCfg = Release|Win32
		{50EB00F0-BDBB-4BE5-9C03-5AB2BF49BEDE}.Release|x86.Build.0 = Release|Win32
		{50EB00F0-BDBB-4BE5-9C03-5AB2BF49BEDE}.RelWithDebInfo|x64.ActiveCfg = Release|x64
		{50EB00F0-BDBB-4BE5-9C03-5AB2BF49BEDE}.RelWithDebInfo|x64.Build.0 = Release|x64
		{50EB00F0-BDBB-4BE5-9C03-5AB2BF49BEDE}.RelWithDebInfo|x86.ActiveCfg = Release|Win32
		{50EB00F0-BDBB-4BE5-9C03-5AB2BF49BEDE}.RelWithDebInfo|x86.Build.0 = Release|Win32
		{70A4BF8B-EDF1-49D5-8710-865FC6444BE2}.Debug|x64.ActiveCfg = Debug|x64
		{70A4BF8B-EDF1-49D5-8710-865FC6444BE2}.Debug|x64.Build.0 = Debug|x64
		{70A4BF8B-EDF1-49D5-8710-865FC6444BE2}.Debug|x86.ActiveCfg = Debug|Win32
		{70A4BF8B-EDF1-49D5-8710-865FC6444BE2}.Debug|x86.Build.0 = Debug|Win32
		{70A4BF8B-EDF1-49D5-8710-865FC6444BE2}.MinSizeRel|x64.ActiveCfg = Release|x64
		{70A4BF8B-EDF1-49D5-8710-865FC6444BE2}.MinSizeRel|x64.Build.0 = Release|x64
		{70A4BF8B-EDF1-49D5-8710-865FC6444BE2}.MinSizeRel|x86.ActiveCfg = Release|Win32
		{70A4BF8B-EDF1-49D5-8710-865FC6444BE2}.MinSizeRel|x86.Build.0 = Release|Win32
		{70A4BF8B-EDF1-49D5-8710-865FC6444BE2}.Release|x64.ActiveCfg = Release|x64
		{70A4BF8B-EDF1-49D5-8710-865FC6444BE2}.Release|x64.Build.0 = Release|x64
		{70A4BF8B-EDF1-49D5-8710-865FC6444BE2}.Release|x86.ActiveCfg = Release|Win32
		{70A4BF8B-EDF1-49D5-8710-865FC6444BE2}.Release|x86.Build.0 = Release|Win32
		{70A4BF8B-EDF1-49D5-8710-865FC6444BE2}.RelWithDebInfo|x64.ActiveCfg = Release|x64
		{70A4BF8B-EDF1-49D5-8710-865FC6444BE2}.RelWithDebInfo|x64.Build.0 = Release|x64
		{70A4BF8B-EDF1-49D5-8710-865FC6444BE2}.RelWithDebInfo|x86.ActiveCfg = Release|Win32
		{70A4BF8B-EDF1-49D5-8710-865FC6444BE2}.RelWithDebInfo|x86.Build.0 = Release|Win32
		{5630B2F1-E1E1-4E94-9458-0BD7715D582A}.Debug|x64.ActiveCfg = Debug|x64
		{5630B2F1-E1E1-4E94-9458-0BD7715D582A}.Debug|x64.Build.0 = Debug|x64
		{5630B2F1-E1E1-4E94-9458-0BD7715D582A}.Debug|x86.ActiveCfg = Debug|Win32
		{5630B2F1-E1E1-4E94-9458-0BD7715D582A}.Debug|x86.Build.0 = Debug|Win32
		{5630B2F1-E1E1-4E94-9458-0BD7715D582A}.MinSizeRel|x64.ActiveCfg = Release|x64
		{5630B2F1-E1E1-4E94-9458-0BD7715D582A}.MinSizeRel|x64.Build.0 = Release|x64
		{5630B2F1-E1E1-4E94-9458-0BD7715D582A}.MinSizeRel|x86.ActiveCfg = Release|Win32
		{5630B2F1-E1E1-4E94-9458-0BD7715D582A}.MinSizeRel|x86.Build.0 = Release|Win32
		{5630B2F1-E1E1-4E94-9458-0BD7715D582A}.Release|x64.ActiveCfg = Release|x64
		{5630B2F1-E1E1-4E94-9458-0BD7715D582A}.Release|x64.Build.0 = Release|x64
		{5630B2F1-E1E1-4E94-9458-0BD7715D582A}.Release|x86.ActiveCfg = Release|Win32
		{5630B2F1-E1E1-4E94-9458-0BD7715D582A}.Release|x86.Build.0 = Release|Win32
		{5630B2F1-E1E1-4E94-9458-0BD7715D582A}.RelWithDebInfo|x64.ActiveCfg = Release|x64
		{5630B2F1-E1E1-4E94-9458-0BD7715D582A}.RelWithDebInfo|x64.Build.0 = Release|x64
		{5630B2F1-E1E1-4E94-9458-0BD7715D582A}.RelWithDebInfo|x86.ActiveCfg = Release|Win32
		{5630B2F1-E1E1-4E94-9458-0BD7715D582A}.RelWithDebInfo|x86.Build.0 = Release|Win32
		{DE783E05-6DE5-4A92-A519-D8150C0B9BAE}.Debug|x64.ActiveCfg = Debug|x64
		{DE783E05-6DE5-4A92-A519-D8150C0B9BAE}.Debug|x64.Build.0 = Debug|x64
		{DE783E05-6DE5-4A92-A519-D8150C0B9BAE}.Debug|x86.ActiveCfg = Debug|Win32
		{DE783E05-6DE5-4A92-A519-D8150C0B9BAE}.Debug|x86.Build.0 = Debug|Win32
		{DE783E05-6DE5-4A92-A519-D8150C0B9BAE}.MinSizeRel|x64.ActiveCfg = Release|x64
		{DE783E05-6DE5-4A92-A519-D8150C0B9BAE}.MinSizeRel|x64.Build.0 = Release|x64
		{DE783E05-6DE5-4A92-A519-D8150C0B9BAE}.MinSizeRel|x86.ActiveCfg = Release|Win32
		{DE783E05-6DE5-4A92-A519-D8150C0B9BAE}.MinSizeRel|x86.Build.0 = Release|Win32
		{DE783E05-6DE5-4A92-A519-D8150C0B9BAE}.Release|x64.ActiveCfg = Release|x64
		{DE783E05-6DE5-4A92-A519-D8150C0B9BAE}.Release|x64.Build.0 = Release|x64
		{DE783E05-6DE5-4A92-A519-D8150C0B9BAE}.Release|x86.ActiveCfg = Release|Win32
		{DE783E05-6DE5-4A92-A519-D8150C0B9BAE}.Release|x86.Build.0 = Release|Win32
		{DE783E05-6DE5-4A92-A519-D8150C0B9BAE}.RelWithDebInfo|x64.ActiveCfg = Release|x64
		{DE783E05-6DE5-4A92-A519-D8150C0B9BAE}.RelWithDebInfo|x64.Build.0 = Release|x64
		{DE783E05-6DE5-4A92-A519-D8150C0B9BAE}.RelWithDebInfo|x86.ActiveCfg = Release|Win32
		{DE783E05-6DE5-4A92-A519-D8150C0B9BAE}.RelWithDebInfo|x86.Build.0 = Release|Win32
		{C8B2F4CD-D9D9-48EC-BA31-6088314F4EA8}.Debug|x64.ActiveCfg = Debug|x64
		{C8B2F4CD-D9D9-48EC-BA31-6088314F4EA8}.Debug|x64.Build.0 = Debug|x64
		{C8B2F4CD-D9D9-48EC-BA31-6088314F4EA8}.Debug|x86.ActiveCfg = Debug|Win32
		{C8B2F4CD-D9D9-48EC-BA31-6088314F4EA8}.Debug|x86.Build.0 = Debug|Win32
		{C8B2F4CD-D9D9-48EC-BA31-6088314F4EA8}.MinSizeRel|x64.ActiveCfg = Release|x64
		{C8B2F4CD-D9D9-48EC-BA31-6088314F4EA8}.MinSizeRel|x64.Build.0 = Release|x64
		{C8B2F4CD-D9D9-48EC-BA31-6088314F4EA8}.MinSizeRel|x86.ActiveCfg = Release|Win32
		{C8B2F4CD-D9D9-48EC-BA31-6088314F4EA8}.MinSizeRel|x86.Build.0 = Release|Win32
		{C8B2F4CD-D9D9-48EC-BA31-6088314F4EA8}.Release|x64.ActiveCfg = Release|x64
		{C8B2F4CD-D9D9-48EC-BA31-6088314F4EA8}.Release|x64.Build.0 = Release|x64
		{C8B2F4CD-D9D9-48EC-BA31-6088314F4EA8}.Release|x86.ActiveCfg = Release|Win32
		{C8B2F4CD-D9D9-48EC-BA31-6088314F4EA8}.Release|x86.Build.0 = Release|Win32
		{C8B2F4CD-D9D9-48EC-BA31-6088314F4EA8}.RelWithDebInfo|x64.ActiveCfg = Release|x64
		{C8B2F4CD-D9D9-48EC-BA31-6088314F4EA8}.RelWithDebInfo|x64.Build.0 = Release|x64
		{C8B2F4CD-D9D9-48EC-BA31-6088314F4EA8}.RelWithDebInfo|x86.ActiveCfg = Release|Win32
		{C8B2F4CD-D9D9-48EC-BA31-6088314F4EA8}.RelWithDebInfo|x86.Build.0 = Release|Win32
		{1340CAE3-7EF8-35ED-A85E-EE3E18FA2BF4}.Debug|x64.ActiveCfg = Debug|x64
		{1340CAE3-7EF8-35ED-A85E-EE3E18FA2BF4}.Debug|x64.Build.0 = Debug|x64
		{1340CAE3-7EF8-35ED-A85E-EE3E18FA2BF4}.Debug|x86.ActiveCfg = Debug|x64
		{1340CAE3-7EF8-35ED-A85E-EE3E18FA2BF4}.MinSizeRel|x64.ActiveCfg = MinSizeRel|x64
		{1340CAE3-7EF8-35ED-A85E-EE3E18FA2BF4}.MinSizeRel|x64.Build.0 = MinSizeRel|x64
		{1340CAE3-7EF8-35ED-A85E-EE3E18FA2BF4}.MinSizeRel|x86.ActiveCfg = MinSizeRel|x64
		{1340CAE3-7EF8-35ED-A85E-EE3E18FA2BF4}.Release|x64.ActiveCfg = Release|x64
		{1340CAE3-7EF8-35ED-A85E-EE3E18FA2BF4}.Release|x64.Build.0 = Release|x64
		{1340CAE3-7EF8-35ED-A85E-EE3E18FA2BF4}.Release|x86.ActiveCfg = Release|x64
		{1340CAE3-7EF8-35ED-A85E-EE3E18FA2BF4}.RelWithDebInfo|x64.ActiveCfg = RelWithDebInfo|x64
		{1340CAE3-7EF8-35ED-A85E-EE3E18FA2BF4}.RelWithDebInfo|x64.Build.0 = RelWithDebInfo|x64
		{1340CAE3-7EF8-35ED-A85E-EE3E18FA2BF4}.RelWithDebInfo|x86.ActiveCfg = RelWithDebInfo|x64
	EndGlobalSection
	GlobalSection(SolutionProperties) = preSolution
		HideSolutionNode = FALSE
	EndGlobalSection
	GlobalSection(NestedProjects) = preSolution
		{071AEC3C-8CD3-458E-B615-D6591EF69B3B} = {33047F77-2A3F-443B-8A77-068B8FE8C603}
		{27CA9F70-63B3-4681-80F2-CA8D5421197E} = {33047F77-2A3F-443B-8A77-068B8FE8C603}
		{50EB00F0-BDBB-4BE5-9C03-5AB2BF49BEDE} = {33047F77-2A3F-443B-8A77-068B8FE8C603}
		{70A4BF8B-EDF1-49D5-8710-865FC6444BE2} = {33047F77-2A3F-443B-8A77-068B8FE8C603}
		{020EB576-71A0-4546-B9F4-87CAEA5E2F4B} = {872DB036-38FF-44F3-8D1D-C86A748EF8B0}
		{5630B2F1-E1E1-4E94-9458-0BD7715D582A} = {872DB036-38FF-44F3-8D1D-C86A748EF8B0}
		{DE783E05-6DE5-4A92-A519-D8150C0B9BAE} = {020EB576-71A0-4546-B9F4-87CAEA5E2F4B}
		{C8B2F4CD-D9D9-48EC-BA31-6088314F4EA8} = {872DB036-38FF-44F3-8D1D-C86A748EF8B0}
		{1340CAE3-7EF8-35ED-A85E-EE3E18FA2BF4} = {46AEDE47-1A87-49C4-BD7D-C562DFE2E5D1}
	EndGlobalSection
	GlobalSection(ExtensibilityGlobals) = postSolution
		SolutionGuid = {3BA85E9F-DD1D-4021-ABD6-BF4606003118}
	EndGlobalSection
EndGlobal
