
Microsoft Visual Studio Solution File, Format Version 12.00
# Visual Studio Version 16
VisualStudioVersion = 16.0.29326.143
MinimumVisualStudioVersion = 10.0.40219.1
Project("{2150E333-8FDC-42A3-9474-1A3956D46DE8}") = "projects", "projects", "{33047F77-2A3F-443B-8A77-068B8FE8C603}"
EndProject
Project("{2150E333-8FDC-42A3-9474-1A3956D46DE8}") = "tests", "tests", "{872DB036-38FF-44F3-8D1D-C86A748EF8B0}"
EndProject
Project("{8BC9CEB8-8B4A-11D0-8D11-00A0C91BC942}") = "MessageBus", "projects\MessageBus\MessageBus.vcxproj", "{071AEC3C-8CD3-458E-B615-D6591EF69B3B}"
EndProject
Project("{8BC9CEB8-8B4A-11D0-8D11-00A0C91BC942}") = "MessageBus", "tests\MessageBus\MessageBus.vcxproj", "{C8B2F4CD-D9D9-48EC-BA31-6088314F4EA8}"
EndProject
Project("{8BC9CEB8-8B4A-11D0-8D11-00A0C91BC942}") = "Input", "projects\Input\Input.vcxproj", "{27CA9F70-63B3-4681-80F2-CA8D5421197E}"
EndProject
Project("{8BC9CEB8-8B4A-11D0-8D11-00A0C91BC942}") = "Debugger", "projects\Debugger\Debugger.vcxproj", "{50EB00F0-BDBB-4BE5-9C03-5AB2BF49BEDE}"
EndProject
Project("{8BC9CEB8-8B4A-11D0-8D11-00A0C91BC942}") = "Threading", "projects\Threading\Threading.vcxproj", "{70A4BF8B-EDF1-49D5-8710-865FC6444BE2}"
EndProject
Global
	GlobalSection(SolutionConfigurationPlatforms) = preSolution
		Debug|x64 = Debug|x64
		Debug|x86 = Debug|x86
		Release|x64 = Release|x64
		Release|x86 = Release|x86
	EndGlobalSection
	GlobalSection(ProjectConfigurationPlatforms) = postSolution
		{071AEC3C-8CD3-458E-B615-D6591EF69B3B}.Debug|x64.ActiveCfg = Debug|x64
		{071AEC3C-8CD3-458E-B615-D6591EF69B3B}.Debug|x64.Build.0 = Debug|x64
		{071AEC3C-8CD3-458E-B615-D6591EF69B3B}.Debug|x86.ActiveCfg = Debug|Win32
		{071AEC3C-8CD3-458E-B615-D6591EF69B3B}.Debug|x86.Build.0 = Debug|Win32
		{071AEC3C-8CD3-458E-B615-D6591EF69B3B}.Release|x64.ActiveCfg = Release|x64
		{071AEC3C-8CD3-458E-B615-D6591EF69B3B}.Release|x64.Build.0 = Release|x64
		{071AEC3C-8CD3-458E-B615-D6591EF69B3B}.Release|x86.ActiveCfg = Release|Win32
		{071AEC3C-8CD3-458E-B615-D6591EF69B3B}.Release|x86.Build.0 = Release|Win32
		{C8B2F4CD-D9D9-48EC-BA31-6088314F4EA8}.Debug|x64.ActiveCfg = Debug|x64
		{C8B2F4CD-D9D9-48EC-BA31-6088314F4EA8}.Debug|x64.Build.0 = Debug|x64
		{C8B2F4CD-D9D9-48EC-BA31-6088314F4EA8}.Debug|x86.ActiveCfg = Debug|Win32
		{C8B2F4CD-D9D9-48EC-BA31-6088314F4EA8}.Debug|x86.Build.0 = Debug|Win32
		{C8B2F4CD-D9D9-48EC-BA31-6088314F4EA8}.Release|x64.ActiveCfg = Release|x64
		{C8B2F4CD-D9D9-48EC-BA31-6088314F4EA8}.Release|x64.Build.0 = Release|x64
		{C8B2F4CD-D9D9-48EC-BA31-6088314F4EA8}.Release|x86.ActiveCfg = Release|Win32
		{C8B2F4CD-D9D9-48EC-BA31-6088314F4EA8}.Release|x86.Build.0 = Release|Win32
		{27CA9F70-63B3-4681-80F2-CA8D5421197E}.Debug|x64.ActiveCfg = Debug|x64
		{27CA9F70-63B3-4681-80F2-CA8D5421197E}.Debug|x64.Build.0 = Debug|x64
		{27CA9F70-63B3-4681-80F2-CA8D5421197E}.Debug|x86.ActiveCfg = Debug|Win32
		{27CA9F70-63B3-4681-80F2-CA8D5421197E}.Debug|x86.Build.0 = Debug|Win32
		{27CA9F70-63B3-4681-80F2-CA8D5421197E}.Release|x64.ActiveCfg = Release|x64
		{27CA9F70-63B3-4681-80F2-CA8D5421197E}.Release|x64.Build.0 = Release|x64
		{27CA9F70-63B3-4681-80F2-CA8D5421197E}.Release|x86.ActiveCfg = Release|Win32
		{27CA9F70-63B3-4681-80F2-CA8D5421197E}.Release|x86.Build.0 = Release|Win32
		{50EB00F0-BDBB-4BE5-9C03-5AB2BF49BEDE}.Debug|x64.ActiveCfg = Debug|x64
		{50EB00F0-BDBB-4BE5-9C03-5AB2BF49BEDE}.Debug|x64.Build.0 = Debug|x64
		{50EB00F0-BDBB-4BE5-9C03-5AB2BF49BEDE}.Debug|x86.ActiveCfg = Debug|Win32
		{50EB00F0-BDBB-4BE5-9C03-5AB2BF49BEDE}.Debug|x86.Build.0 = Debug|Win32
		{50EB00F0-BDBB-4BE5-9C03-5AB2BF49BEDE}.Release|x64.ActiveCfg = Release|x64
		{50EB00F0-BDBB-4BE5-9C03-5AB2BF49BEDE}.Release|x64.Build.0 = Release|x64
		{50EB00F0-BDBB-4BE5-9C03-5AB2BF49BEDE}.Release|x86.ActiveCfg = Release|Win32
		{50EB00F0-BDBB-4BE5-9C03-5AB2BF49BEDE}.Release|x86.Build.0 = Release|Win32
		{70A4BF8B-EDF1-49D5-8710-865FC6444BE2}.Debug|x64.ActiveCfg = Debug|x64
		{70A4BF8B-EDF1-49D5-8710-865FC6444BE2}.Debug|x64.Build.0 = Debug|x64
		{70A4BF8B-EDF1-49D5-8710-865FC6444BE2}.Debug|x86.ActiveCfg = Debug|Win32
		{70A4BF8B-EDF1-49D5-8710-865FC6444BE2}.Debug|x86.Build.0 = Debug|Win32
		{70A4BF8B-EDF1-49D5-8710-865FC6444BE2}.Release|x64.ActiveCfg = Release|x64
		{70A4BF8B-EDF1-49D5-8710-865FC6444BE2}.Release|x64.Build.0 = Release|x64
		{70A4BF8B-EDF1-49D5-8710-865FC6444BE2}.Release|x86.ActiveCfg = Release|Win32
		{70A4BF8B-EDF1-49D5-8710-865FC6444BE2}.Release|x86.Build.0 = Release|Win32
	EndGlobalSection
	GlobalSection(SolutionProperties) = preSolution
		HideSolutionNode = FALSE
	EndGlobalSection
	GlobalSection(NestedProjects) = preSolution
		{071AEC3C-8CD3-458E-B615-D6591EF69B3B} = {33047F77-2A3F-443B-8A77-068B8FE8C603}
		{C8B2F4CD-D9D9-48EC-BA31-6088314F4EA8} = {872DB036-38FF-44F3-8D1D-C86A748EF8B0}
		{27CA9F70-63B3-4681-80F2-CA8D5421197E} = {33047F77-2A3F-443B-8A77-068B8FE8C603}
		{50EB00F0-BDBB-4BE5-9C03-5AB2BF49BEDE} = {33047F77-2A3F-443B-8A77-068B8FE8C603}
		{70A4BF8B-EDF1-49D5-8710-865FC6444BE2} = {33047F77-2A3F-443B-8A77-068B8FE8C603}
	EndGlobalSection
	GlobalSection(ExtensibilityGlobals) = postSolution
		SolutionGuid = {3BA85E9F-DD1D-4021-ABD6-BF4606003118}
	EndGlobalSection
EndGlobal
