<?xml version="1.0" encoding="utf-8"?>
<Project ToolsVersion="4.0" xmlns="http://schemas.microsoft.com/developer/msbuild/2003">
  <ItemGroup>
    <Filter Include="Resource Files">
      <UniqueIdentifier>{67DA6AB6-F800-4c08-8B7A-83BB121AAD01}</UniqueIdentifier>
      <Extensions>rc;ico;cur;bmp;dlg;rc2;rct;bin;rgs;gif;jpg;jpeg;jpe;resx;tiff;tif;png;wav;mfcribbon-ms</Extensions>
    </Filter>
    <Filter Include="Message">
      <UniqueIdentifier>{96a31b8b-0ef1-4ad1-9da7-da7026fd6b54}</UniqueIdentifier>
    </Filter>
    <Filter Include="MessageBus">
      <UniqueIdentifier>{b71cb1e3-46e7-4bbc-8540-61cc86e77d1f}</UniqueIdentifier>
    </Filter>
    <Filter Include="MessageBusObserver">
      <UniqueIdentifier>{984a1be3-7711-40ca-ac0f-5fcf7ca298ab}</UniqueIdentifier>
    </Filter>
  </ItemGroup>
  <ItemGroup>
    <ClCompile Include="Message.cpp">
      <Filter>Message</Filter>
    </ClCompile>
    <ClCompile Include="MessageBus.cpp">
      <Filter>MessageBus</Filter>
    </ClCompile>
    <ClCompile Include="MessageBusObserver.cpp">
      <Filter>MessageBusObserver</Filter>
    </ClCompile>
  </ItemGroup>
  <ItemGroup>
    <ClInclude Include="Message.h">
      <Filter>Message</Filter>
    </ClInclude>
    <ClInclude Include="MessageBus.h">
      <Filter>MessageBus</Filter>
    </ClInclude>
    <ClInclude Include="MessageBusObserver.h">
      <Filter>MessageBusObserver</Filter>
    </ClInclude>
  </ItemGroup>
</Project>