<?xml version="1.0" encoding="utf-8"?>
<Project ToolsVersion="4.0" xmlns="http://schemas.microsoft.com/developer/msbuild/2003">
  <ItemGroup>
    <Filter Include="Resource Files">
      <UniqueIdentifier>{67DA6AB6-F800-4c08-8B7A-83BB121AAD01}</UniqueIdentifier>
      <Extensions>rc;ico;cur;bmp;dlg;rc2;rct;bin;rgs;gif;jpg;jpeg;jpe;resx;tiff;tif;png;wav;mfcribbon-ms</Extensions>
    </Filter>
    <Filter Include="Task">
      <UniqueIdentifier>{53c91fc8-1a11-4dfc-99b6-3eeaf08364fd}</UniqueIdentifier>
    </Filter>
    <Filter Include="ThreadPool">
      <UniqueIdentifier>{1417db2d-3840-433d-87c4-d04a9aaed333}</UniqueIdentifier>
    </Filter>
    <Filter Include="Semaphore">
      <UniqueIdentifier>{d59254e3-5495-4b8d-b712-628f6e264c39}</UniqueIdentifier>
    </Filter>
    <Filter Include="Semaphore\windows">
      <UniqueIdentifier>{a8562ff1-a059-4062-878d-8ecf8549e527}</UniqueIdentifier>
    </Filter>
    <Filter Include="Semaphore\linux">
      <UniqueIdentifier>{60b9a740-3ce8-46d3-87fd-06489b110976}</UniqueIdentifier>
    </Filter>
  </ItemGroup>
  <ItemGroup>
    <ClInclude Include="Task.h">
      <Filter>Task</Filter>
    </ClInclude>
    <ClInclude Include="ThreadPool.h">
      <Filter>ThreadPool</Filter>
    </ClInclude>
    <ClInclude Include="Semaphore.h">
      <Filter>Semaphore</Filter>
    </ClInclude>
  </ItemGroup>
  <ItemGroup>
    <ClCompile Include="ThreadPool.cpp">
      <Filter>ThreadPool</Filter>
    </ClCompile>
    <ClCompile Include="windows\Semaphore.cpp">
      <Filter>Semaphore\windows</Filter>
    </ClCompile>
    <ClCompile Include="linux\Semaphore.cpp">
      <Filter>Semaphore\linux</Filter>
    </ClCompile>
  </ItemGroup>
</Project>