<?xml version="1.0" encoding="utf-8"?>
<Project ToolsVersion="4.0" xmlns="http://schemas.microsoft.com/developer/msbuild/2003">
  <ItemGroup>
    <Filter Include="Resource Files">
      <UniqueIdentifier>{67DA6AB6-F800-4c08-8B7A-83BB121AAD01}</UniqueIdentifier>
      <Extensions>rc;ico;cur;bmp;dlg;rc2;rct;bin;rgs;gif;jpg;jpeg;jpe;resx;tiff;tif;png;wav;mfcribbon-ms</Extensions>
    </Filter>
    <Filter Include="InputReader">
      <UniqueIdentifier>{c25e9adf-f806-479d-b8d2-da4027a9e2b0}</UniqueIdentifier>
    </Filter>
    <Filter Include="InputReader\windows">
      <UniqueIdentifier>{adb45b35-0ee5-4dfb-aed1-1f14d9e5a4a5}</UniqueIdentifier>
    </Filter>
  </ItemGroup>
  <ItemGroup>
    <ClInclude Include="windows\InputReader.h">
      <Filter>InputReader\windows</Filter>
    </ClInclude>
    <ClInclude Include="InputReader.h">
      <Filter>InputReader</Filter>
    </ClInclude>
  </ItemGroup>
  <ItemGroup>
    <ClCompile Include="windows\InputReader.cpp">
      <Filter>InputReader\windows</Filter>
    </ClCompile>
  </ItemGroup>
</Project>