<?xml version="1.0" encoding="utf-8"?>
<Project ToolsVersion="4.0" xmlns="http://schemas.microsoft.com/developer/msbuild/2003">
  <ItemGroup>
    <ClCompile Include="test.cpp" />
    <ClCompile Include="pch.cpp" />
    <ClCompile Include="DispatchQueueTest.cpp">
      <Filter>DispatchQueue</Filter>
    </ClCompile>
  </ItemGroup>
  <ItemGroup>
    <ClInclude Include="pch.h" />
    <ClInclude Include="DispatchQueueTest.h">
      <Filter>DispatchQueue</Filter>
    </ClInclude>
  </ItemGroup>
  <ItemGroup>
    <Filter Include="DispatchQueue">
      <UniqueIdentifier>{af89a27d-7321-4b8d-ba11-9716a5f358c7}</UniqueIdentifier>
    </Filter>
  </ItemGroup>
</Project>